<?xml version="1.0" encoding="utf-8"?>
<Project ToolsVersion="4.0" xmlns="http://schemas.microsoft.com/developer/msbuild/2003">
  <ItemGroup>
    <ClCompile Include="Game.cpp">
      <Filter>Source Files</Filter>
    </ClCompile>
    <ClCompile Include="Main.cpp">
      <Filter>Source Files</Filter>
    </ClCompile>
    <ClCompile Include="Animation.cpp">
      <Filter>Source Files\Entities</Filter>
    </ClCompile>
    <ClCompile Include="Graphics.cpp">
      <Filter>Source Files\Framework</Filter>
    </ClCompile>
    <ClCompile Include="DeltaTime.cpp">
      <Filter>Source Files\Framework</Filter>
    </ClCompile>
    <ClCompile Include="Random.cpp">
      <Filter>Source Files\Framework</Filter>
    </ClCompile>
    <ClCompile Include="Camera.cpp">
      <Filter>Source Files\Framework</Filter>
    </ClCompile>
    <ClCompile Include="Vector.cpp">
      <Filter>Source Files\Framework</Filter>
    </ClCompile>
    <ClCompile Include="Tile.cpp">
      <Filter>Source Files\Entities</Filter>
    </ClCompile>
    <ClCompile Include="Collider.cpp">
      <Filter>Source Files\Framework</Filter>
    </ClCompile>
    <ClCompile Include="Portal.cpp">
      <Filter>Source Files\Entities</Filter>
    </ClCompile>
    <ClCompile Include="Rect.cpp">
      <Filter>Source Files\Framework</Filter>
    </ClCompile>
    <ClCompile Include="Json.cpp">
      <Filter>Source Files\Framework</Filter>
    </ClCompile>
    <ClCompile Include="MovementStrategy.cpp">
      <Filter>Source Files\Entities\Movement</Filter>
    </ClCompile>
    <ClCompile Include="SimpleAiMovement.cpp">
      <Filter>Source Files\Entities\Movement</Filter>
    </ClCompile>
    <ClCompile Include="PlayerMovement.cpp">
      <Filter>Source Files\Entities\Movement</Filter>
    </ClCompile>
    <ClCompile Include="StatBar.cpp">
      <Filter>Source Files\Entities</Filter>
    </ClCompile>
    <ClCompile Include="Reticle.cpp">
      <Filter>Source Files\Entities</Filter>
    </ClCompile>
    <ClCompile Include="Projectile.cpp">
      <Filter>Source Files\Entities</Filter>
    </ClCompile>
    <ClCompile Include="TimeoutTracker.cpp">
      <Filter>Source Files\Framework</Filter>
    </ClCompile>
    <ClCompile Include="SubtitleHandler.cpp">
      <Filter>Source Files\Framework</Filter>
    </ClCompile>
    <ClCompile Include="FlashingText.cpp">
      <Filter>Source Files\Entities\Subtitling</Filter>
    </ClCompile>
    <ClCompile Include="Subtitle.cpp">
      <Filter>Source Files\Entities\Subtitling</Filter>
    </ClCompile>
    <ClCompile Include="RegularSubtitleText.cpp">
      <Filter>Source Files\Entities\Subtitling</Filter>
    </ClCompile>
    <ClCompile Include="Character.cpp">
      <Filter>Source Files\Entities\Characters</Filter>
    </ClCompile>
    <ClCompile Include="InteractiveCharacter.cpp">
      <Filter>Source Files\Entities\Characters</Filter>
    </ClCompile>
    <ClCompile Include="Enemy.cpp">
      <Filter>Source Files\Entities\Characters</Filter>
    </ClCompile>
    <ClCompile Include="Npc.cpp">
      <Filter>Source Files\Entities\Characters</Filter>
    </ClCompile>
    <ClCompile Include="Player.cpp">
      <Filter>Source Files\Entities\Characters</Filter>
    </ClCompile>
    <ClCompile Include="Minimap.cpp">
      <Filter>Source Files\Entities\HUD</Filter>
    </ClCompile>
    <ClCompile Include="Hud.cpp">
      <Filter>Source Files\Entities\HUD</Filter>
    </ClCompile>
    <ClCompile Include="Map.cpp">
      <Filter>Source Files\Entities</Filter>
    </ClCompile>
    <ClCompile Include="World.cpp">
      <Filter>Source Files\Entities</Filter>
    </ClCompile>
    <ClCompile Include="Inventory.cpp">
      <Filter>Source Files\Entities\HUD</Filter>
    </ClCompile>
    <ClCompile Include="InventoryItem.cpp">
      <Filter>Source Files\Entities\HUD</Filter>
    </ClCompile>
    <ClCompile Include="HudWindow.cpp">
      <Filter>Source Files\Entities\HUD</Filter>
    </ClCompile>
    <ClCompile Include="Sprite.cpp">
      <Filter>Source Files\Framework</Filter>
    </ClCompile>
  </ItemGroup>
  <ItemGroup>
    <ClInclude Include="Game.h">
      <Filter>Header Files</Filter>
    </ClInclude>
    <ClInclude Include="Map.h">
      <Filter>Header Files\Entities</Filter>
    </ClInclude>
    <ClInclude Include="Animation.h">
      <Filter>Header Files\Entities</Filter>
    </ClInclude>
    <ClInclude Include="Graphics.h">
      <Filter>Header Files\Framework</Filter>
    </ClInclude>
    <ClInclude Include="DeltaTime.h">
      <Filter>Header Files\Framework</Filter>
    </ClInclude>
    <ClInclude Include="Random.h">
      <Filter>Header Files\Framework</Filter>
    </ClInclude>
    <ClInclude Include="Camera.h">
      <Filter>Header Files\Framework</Filter>
    </ClInclude>
    <ClInclude Include="Vector.h">
      <Filter>Header Files\Framework</Filter>
    </ClInclude>
    <ClInclude Include="Tile.h">
      <Filter>Header Files\Entities</Filter>
    </ClInclude>
    <ClInclude Include="Collider.h">
      <Filter>Header Files\Framework</Filter>
    </ClInclude>
    <ClInclude Include="Portal.h">
      <Filter>Header Files\Entities</Filter>
    </ClInclude>
    <ClInclude Include="World.h">
      <Filter>Header Files\Entities</Filter>
    </ClInclude>
    <ClInclude Include="Rect.h">
      <Filter>Header Files\Framework</Filter>
    </ClInclude>
    <ClInclude Include="Json.h">
      <Filter>Header Files\Framework</Filter>
    </ClInclude>
    <ClInclude Include="ResourceManager.h">
      <Filter>Header Files\Framework\ResourceManagement</Filter>
    </ClInclude>
    <ClInclude Include="Font.h">
      <Filter>Header Files\Framework\ResourceManagement</Filter>
    </ClInclude>
    <ClInclude Include="Texture.h">
      <Filter>Header Files\Framework\ResourceManagement</Filter>
    </ClInclude>
    <ClInclude Include="MovementStrategy.h">
      <Filter>Header Files\Entities\Movement</Filter>
    </ClInclude>
    <ClInclude Include="SimpleAiMovement.h">
      <Filter>Header Files\Entities\Movement</Filter>
    </ClInclude>
    <ClInclude Include="PlayerMovement.h">
      <Filter>Header Files\Entities\Movement</Filter>
    </ClInclude>
    <ClInclude Include="Direction.h">
      <Filter>Header Files\Entities</Filter>
    </ClInclude>
    <ClInclude Include="StatBar.h">
      <Filter>Header Files\Entities</Filter>
    </ClInclude>
    <ClInclude Include="Reticle.h">
      <Filter>Header Files\Entities</Filter>
    </ClInclude>
    <ClInclude Include="Projectile.h">
      <Filter>Header Files\Entities</Filter>
    </ClInclude>
    <ClInclude Include="TimeoutTracker.h">
      <Filter>Header Files\Framework</Filter>
    </ClInclude>
    <ClInclude Include="SubtitleHandler.h">
      <Filter>Header Files\Framework</Filter>
    </ClInclude>
    <ClInclude Include="Subtitle.h">
      <Filter>Header Files\Entities\Subtitling</Filter>
    </ClInclude>
    <ClInclude Include="RegularSubtitleText.h">
      <Filter>Header Files\Entities\Subtitling</Filter>
    </ClInclude>
    <ClInclude Include="FlashingText.h">
      <Filter>Header Files\Entities\Subtitling</Filter>
    </ClInclude>
    <ClInclude Include="Character.h">
      <Filter>Header Files\Entities\Characters</Filter>
    </ClInclude>
    <ClInclude Include="InteractiveCharacter.h">
      <Filter>Header Files\Entities\Characters</Filter>
    </ClInclude>
    <ClInclude Include="Enemy.h">
      <Filter>Header Files\Entities\Characters</Filter>
    </ClInclude>
    <ClInclude Include="Player.h">
      <Filter>Header Files\Entities\Characters</Filter>
    </ClInclude>
    <ClInclude Include="Npc.h">
      <Filter>Header Files\Entities\Characters</Filter>
    </ClInclude>
    <ClInclude Include="Hud.h">
      <Filter>Header Files\Entities\HUD</Filter>
    </ClInclude>
    <ClInclude Include="Minimap.h">
      <Filter>Header Files\Entities\HUD</Filter>
    </ClInclude>
    <ClInclude Include="Inventory.h">
      <Filter>Header Files\Entities\HUD</Filter>
    </ClInclude>
    <ClInclude Include="InventoryItem.h">
      <Filter>Header Files\Entities\HUD</Filter>
    </ClInclude>
    <ClInclude Include="HudWindow.h">
      <Filter>Header Files\Entities\HUD</Filter>
    </ClInclude>
    <ClInclude Include="Sprite.h">
      <Filter>Header Files\Framework</Filter>
    </ClInclude>
  </ItemGroup>
  <ItemGroup>
    <Filter Include="Header Files">
      <UniqueIdentifier>{491ca77b-6743-447a-b3f2-9633d418468c}</UniqueIdentifier>
      <Extensions>h;hh;hpp;hxx;hm;inl;inc;xsd</Extensions>
    </Filter>
    <Filter Include="Source Files">
      <UniqueIdentifier>{6315227c-9911-4abb-b83d-2a8da01aa73d}</UniqueIdentifier>
      <Extensions>cpp;c;cc;cxx;def;odl;idl;hpj;bat;asm;asmx</Extensions>
    </Filter>
    <Filter Include="Header Files\Entities">
      <UniqueIdentifier>{df5a7e5a-fa8c-483d-a207-9c0485639c8a}</UniqueIdentifier>
    </Filter>
    <Filter Include="Source Files\Entities">
      <UniqueIdentifier>{6327cb53-53dd-4861-9cef-eb880d148ba6}</UniqueIdentifier>
    </Filter>
    <Filter Include="Header Files\Framework">
      <UniqueIdentifier>{de0f7b63-73aa-48ae-aa8d-cc6091252db6}</UniqueIdentifier>
    </Filter>
    <Filter Include="Resource Files">
      <UniqueIdentifier>{b5975445-2748-44ce-917e-f884c54b0f48}</UniqueIdentifier>
      <Extensions>rc;ico;cur;bmp;dlg;rc2;rct;bin;rgs;gif;jpg;jpeg;jpe;resx;tiff;tif;png;wav;mfcribbon-ms</Extensions>
    </Filter>
    <Filter Include="Resource Files\Textures">
      <UniqueIdentifier>{7a8bf0ce-d4ea-49f1-93c1-e2399e1b692a}</UniqueIdentifier>
    </Filter>
    <Filter Include="Resource Files\Fonts">
      <UniqueIdentifier>{e5aa69cd-fcfa-4e7d-ac01-c373106ea7fd}</UniqueIdentifier>
    </Filter>
    <Filter Include="Resource Files\Config">
      <UniqueIdentifier>{c5e5935b-d1a0-4d43-8360-3593c479a921}</UniqueIdentifier>
    </Filter>
    <Filter Include="Resource Files\Maps">
      <UniqueIdentifier>{a25bd960-313f-4753-8c8d-0bee7227d53a}</UniqueIdentifier>
    </Filter>
    <Filter Include="Header Files\Framework\ResourceManagement">
      <UniqueIdentifier>{94a99873-0f68-4d84-a174-ebc47e147bb2}</UniqueIdentifier>
    </Filter>
    <Filter Include="Header Files\Entities\Movement">
      <UniqueIdentifier>{757f0e7b-215c-4446-8e84-afe2319be4b3}</UniqueIdentifier>
    </Filter>
    <Filter Include="Header Files\Entities\Subtitling">
      <UniqueIdentifier>{f4cf53b2-07e2-4d71-a6d7-3528a8291dcc}</UniqueIdentifier>
    </Filter>
    <Filter Include="Source Files\Framework">
      <UniqueIdentifier>{460f56c9-eb6e-401f-8e45-c3e75884bd27}</UniqueIdentifier>
    </Filter>
    <Filter Include="Source Files\Entities\Subtitling">
      <UniqueIdentifier>{3cddec14-80c7-47e0-96ed-a841dcdacbfc}</UniqueIdentifier>
    </Filter>
    <Filter Include="Header Files\Entities\Characters">
      <UniqueIdentifier>{c1dd7c28-dbd9-4923-bb12-410dba670e33}</UniqueIdentifier>
    </Filter>
    <Filter Include="Header Files\Entities\HUD">
      <UniqueIdentifier>{fa125e91-d0c5-4360-b2f1-2f486b8c8e52}</UniqueIdentifier>
    </Filter>
    <Filter Include="Source Files\Entities\HUD">
      <UniqueIdentifier>{5a0cbaef-31c0-41eb-ac7c-110c1d0641d8}</UniqueIdentifier>
    </Filter>
    <Filter Include="Source Files\Entities\Movement">
      <UniqueIdentifier>{6e79078c-531e-46d3-8a74-2bbf35b7bf5c}</UniqueIdentifier>
    </Filter>
    <Filter Include="Source Files\Entities\Characters">
      <UniqueIdentifier>{aa0c722e-080f-4d06-998c-bd920528a4e3}</UniqueIdentifier>
    </Filter>
    <Filter Include="Resource Files\Textures\Inventory">
      <UniqueIdentifier>{3988ba6d-d35a-4fe4-845d-b37be7f29561}</UniqueIdentifier>
    </Filter>
    <Filter Include="Resource Files\Textures\Inventory\Placeholders">
      <UniqueIdentifier>{e53570d0-499f-45fe-a2dd-43a80fa45ba1}</UniqueIdentifier>
    </Filter>
  </ItemGroup>
  <ItemGroup>
    <Image Include="Textures\NPCs.png">
      <Filter>Resource Files\Textures</Filter>
    </Image>
    <Image Include="Textures\Map.png">
      <Filter>Resource Files\Textures</Filter>
    </Image>
    <Image Include="Textures\Bat.png">
      <Filter>Resource Files\Textures</Filter>
    </Image>
    <Image Include="Textures\Player.png">
      <Filter>Resource Files\Textures</Filter>
    </Image>
    <Image Include="Textures\NPC0.png">
      <Filter>Resource Files\Textures</Filter>
    </Image>
    <Image Include="Textures\NPC1.png">
      <Filter>Resource Files\Textures</Filter>
    </Image>
    <Image Include="Textures\NPC2.png">
      <Filter>Resource Files\Textures</Filter>
    </Image>
    <Image Include="Textures\NPC3.png">
      <Filter>Resource Files\Textures</Filter>
    </Image>
    <Image Include="Textures\NPC4.png">
      <Filter>Resource Files\Textures</Filter>
    </Image>
    <Image Include="Textures\NPC5.png">
      <Filter>Resource Files\Textures</Filter>
    </Image>
    <Image Include="Textures\NPC6.png">
      <Filter>Resource Files\Textures</Filter>
    </Image>
    <Image Include="Textures\NPC7.png">
      <Filter>Resource Files\Textures</Filter>
    </Image>
    <Image Include="Textures\Reticle.png">
      <Filter>Resource Files\Textures</Filter>
    </Image>
    <Image Include="Textures\Fireball.png">
      <Filter>Resource Files\Textures</Filter>
    </Image>
    <Image Include="Textures\Inventory\Bag Slot Border.png">
      <Filter>Resource Files\Textures\Inventory</Filter>
    </Image>
    <Image Include="Textures\Inventory\Blank Slot Background.png">
      <Filter>Resource Files\Textures\Inventory</Filter>
    </Image>
    <Image Include="Textures\Inventory\Equip Slot Border.png">
      <Filter>Resource Files\Textures\Inventory</Filter>
    </Image>
    <Image Include="Textures\Inventory\Items Inventory.png">
      <Filter>Resource Files\Textures\Inventory</Filter>
    </Image>
    <Image Include="Textures\Inventory\Items.png">
      <Filter>Resource Files\Textures\Inventory</Filter>
    </Image>
    <Image Include="Textures\Inventory\Magic Item Border.png">
      <Filter>Resource Files\Textures\Inventory</Filter>
    </Image>
    <Image Include="Textures\Inventory\Rare Item Border.png">
      <Filter>Resource Files\Textures\Inventory</Filter>
    </Image>
    <Image Include="Textures\Inventory\Unique Item Border.png">
      <Filter>Resource Files\Textures\Inventory</Filter>
    </Image>
    <Image Include="Textures\Inventory\Placeholders\Ring.png">
      <Filter>Resource Files\Textures\Inventory\Placeholders</Filter>
    </Image>
    <Image Include="Textures\Inventory\Placeholders\Weapon.png">
      <Filter>Resource Files\Textures\Inventory\Placeholders</Filter>
    </Image>
    <Image Include="Textures\Inventory\Placeholders\Armor.png">
      <Filter>Resource Files\Textures\Inventory\Placeholders</Filter>
    </Image>
    <Image Include="Textures\Inventory\Placeholders\Cape.png">
      <Filter>Resource Files\Textures\Inventory\Placeholders</Filter>
    </Image>
  </ItemGroup>
  <ItemGroup>
    <Font Include="Fonts\arial.ttf">
      <Filter>Resource Files\Fonts</Filter>
    </Font>
  </ItemGroup>
  <ItemGroup>
    <None Include="Maps\Map0.json">
      <Filter>Resource Files\Maps</Filter>
    </None>
    <None Include="Maps\Map0.tmx">
      <Filter>Resource Files\Maps</Filter>
    </None>
    <None Include="Maps\Map0.tsx">
      <Filter>Resource Files\Maps</Filter>
    </None>
    <None Include="Maps\Map1.json">
      <Filter>Resource Files\Maps</Filter>
    </None>
    <None Include="Maps\Map1.tmx">
      <Filter>Resource Files\Maps</Filter>
    </None>
    <None Include="Maps\Map1.tsx">
      <Filter>Resource Files\Maps</Filter>
    </None>
    <None Include="Config\Bat.json">
      <Filter>Resource Files\Config</Filter>
    </None>
    <None Include="Config\NPC.json">
      <Filter>Resource Files\Config</Filter>
    </None>
    <None Include="Config\Player.json">
      <Filter>Resource Files\Config</Filter>
    </None>
    <None Include="Config\World.json">
      <Filter>Resource Files\Config</Filter>
    </None>
    <None Include="Config\Items.json">
      <Filter>Resource Files\Config</Filter>
    </None>
  </ItemGroup>
</Project>